
Microsoft Visual Studio Solution File, Format Version 12.00
# Visual Studio Version 16
VisualStudioVersion = 16.0.30320.27
MinimumVisualStudioVersion = 10.0.40219.1
Project("{8BC9CEB8-8B4A-11D0-8D11-00A0C91BC942}") = "lua_demo", "lua_demo\lua_demo.vcxproj", "{E74D0F1B-FE3D-4510-81AA-7BC440DA404C}"
	ProjectSection(ProjectDependencies) = postProject
		{272B1E08-2BA3-49DD-BFFC-D8C48CED6A7E} = {272B1E08-2BA3-49DD-BFFC-D8C48CED6A7E}
	EndProjectSection
EndProject
Project("{8BC9CEB8-8B4A-11D0-8D11-00A0C91BC942}") = "lua", "lua\lua.vcxproj", "{EE7B0977-F322-483D-A29C-B5A4CE500B30}"
EndProject
Project("{8BC9CEB8-8B4A-11D0-8D11-00A0C91BC942}") = "lua54", "lua54\lua54.vcxproj", "{272B1E08-2BA3-49DD-BFFC-D8C48CED6A7E}"
EndProject
Project("{8BC9CEB8-8B4A-11D0-8D11-00A0C91BC942}") = "lusbdisk", "lusbdisk\lusbdisk.vcxproj", "{E377462F-2E34-4F5F-A2A8-8F6CAA86FD46}"
	ProjectSection(ProjectDependencies) = postProject
		{272B1E08-2BA3-49DD-BFFC-D8C48CED6A7E} = {272B1E08-2BA3-49DD-BFFC-D8C48CED6A7E}
	EndProjectSection
EndProject
Global
	GlobalSection(SolutionConfigurationPlatforms) = preSolution
		Debug|x64 = Debug|x64
		Debug|x86 = Debug|x86
		Release|x64 = Release|x64
		Release|x86 = Release|x86
	EndGlobalSection
	GlobalSection(ProjectConfigurationPlatforms) = postSolution
		{E74D0F1B-FE3D-4510-81AA-7BC440DA404C}.Debug|x64.ActiveCfg = Debug|x64
		{E74D0F1B-FE3D-4510-81AA-7BC440DA404C}.Debug|x64.Build.0 = Debug|x64
		{E74D0F1B-FE3D-4510-81AA-7BC440DA404C}.Debug|x86.ActiveCfg = Debug|Win32
		{E74D0F1B-FE3D-4510-81AA-7BC440DA404C}.Debug|x86.Build.0 = Debug|Win32
		{E74D0F1B-FE3D-4510-81AA-7BC440DA404C}.Release|x64.ActiveCfg = Release|x64
		{E74D0F1B-FE3D-4510-81AA-7BC440DA404C}.Release|x64.Build.0 = Release|x64
		{E74D0F1B-FE3D-4510-81AA-7BC440DA404C}.Release|x86.ActiveCfg = Release|Win32
		{E74D0F1B-FE3D-4510-81AA-7BC440DA404C}.Release|x86.Build.0 = Release|Win32
		{EE7B0977-F322-483D-A29C-B5A4CE500B30}.Debug|x64.ActiveCfg = Debug|x64
		{EE7B0977-F322-483D-A29C-B5A4CE500B30}.Debug|x64.Build.0 = Debug|x64
		{EE7B0977-F322-483D-A29C-B5A4CE500B30}.Debug|x86.ActiveCfg = Debug|Win32
		{EE7B0977-F322-483D-A29C-B5A4CE500B30}.Debug|x86.Build.0 = Debug|Win32
		{EE7B0977-F322-483D-A29C-B5A4CE500B30}.Release|x64.ActiveCfg = Release|x64
		{EE7B0977-F322-483D-A29C-B5A4CE500B30}.Release|x64.Build.0 = Release|x64
		{EE7B0977-F322-483D-A29C-B5A4CE500B30}.Release|x86.ActiveCfg = Release|Win32
		{EE7B0977-F322-483D-A29C-B5A4CE500B30}.Release|x86.Build.0 = Release|Win32
		{272B1E08-2BA3-49DD-BFFC-D8C48CED6A7E}.Debug|x64.ActiveCfg = Debug|x64
		{272B1E08-2BA3-49DD-BFFC-D8C48CED6A7E}.Debug|x64.Build.0 = Debug|x64
		{272B1E08-2BA3-49DD-BFFC-D8C48CED6A7E}.Debug|x86.ActiveCfg = Debug|Win32
		{272B1E08-2BA3-49DD-BFFC-D8C48CED6A7E}.Debug|x86.Build.0 = Debug|Win32
		{272B1E08-2BA3-49DD-BFFC-D8C48CED6A7E}.Release|x64.ActiveCfg = Release|x64
		{272B1E08-2BA3-49DD-BFFC-D8C48CED6A7E}.Release|x64.Build.0 = Release|x64
		{272B1E08-2BA3-49DD-BFFC-D8C48CED6A7E}.Release|x86.ActiveCfg = Release|Win32
		{272B1E08-2BA3-49DD-BFFC-D8C48CED6A7E}.Release|x86.Build.0 = Release|Win32
		{E377462F-2E34-4F5F-A2A8-8F6CAA86FD46}.Debug|x64.ActiveCfg = Debug|x64
		{E377462F-2E34-4F5F-A2A8-8F6CAA86FD46}.Debug|x64.Build.0 = Debug|x64
		{E377462F-2E34-4F5F-A2A8-8F6CAA86FD46}.Debug|x86.ActiveCfg = Debug|Win32
		{E377462F-2E34-4F5F-A2A8-8F6CAA86FD46}.Debug|x86.Build.0 = Debug|Win32
		{E377462F-2E34-4F5F-A2A8-8F6CAA86FD46}.Release|x64.ActiveCfg = Release|x64
		{E377462F-2E34-4F5F-A2A8-8F6CAA86FD46}.Release|x64.Build.0 = Release|x64
		{E377462F-2E34-4F5F-A2A8-8F6CAA86FD46}.Release|x86.ActiveCfg = Release|Win32
		{E377462F-2E34-4F5F-A2A8-8F6CAA86FD46}.Release|x86.Build.0 = Release|Win32
	EndGlobalSection
	GlobalSection(SolutionProperties) = preSolution
		HideSolutionNode = FALSE
	EndGlobalSection
	GlobalSection(ExtensibilityGlobals) = postSolution
		SolutionGuid = {ED8359B2-EDDE-41AE-A90A-951FC7FA65E1}
	EndGlobalSection
EndGlobal
