
Microsoft Visual Studio Solution File, Format Version 12.00
# Visual Studio 15
VisualStudioVersion = 15.0.27703.2042
MinimumVisualStudioVersion = 10.0.40219.1
Project("{8BC9CEB8-8B4A-11D0-8D11-00A0C91BC942}") = "pyc", "pyc\pyc.vcxproj", "{C02F56A7-4C68-4C60-9796-F81B80F07529}"
EndProject
Project("{8BC9CEB8-8B4A-11D0-8D11-00A0C91BC942}") = "calc", "calc\calc.vcxproj", "{D207FC9E-15E6-448E-A61C-E50A01C9BABA}"
EndProject
Global
	GlobalSection(SolutionConfigurationPlatforms) = preSolution
		Debug|x64 = Debug|x64
		Debug|x86 = Debug|x86
		Release|x64 = Release|x64
		Release|x86 = Release|x86
	EndGlobalSection
	GlobalSection(ProjectConfigurationPlatforms) = postSolution
		{C02F56A7-4C68-4C60-9796-F81B80F07529}.Debug|x64.ActiveCfg = Debug|x64
		{C02F56A7-4C68-4C60-9796-F81B80F07529}.Debug|x64.Build.0 = Debug|x64
		{C02F56A7-4C68-4C60-9796-F81B80F07529}.Debug|x86.ActiveCfg = Debug|Win32
		{C02F56A7-4C68-4C60-9796-F81B80F07529}.Debug|x86.Build.0 = Debug|Win32
		{C02F56A7-4C68-4C60-9796-F81B80F07529}.Release|x64.ActiveCfg = Release|x64
		{C02F56A7-4C68-4C60-9796-F81B80F07529}.Release|x64.Build.0 = Release|x64
		{C02F56A7-4C68-4C60-9796-F81B80F07529}.Release|x86.ActiveCfg = Release|Win32
		{C02F56A7-4C68-4C60-9796-F81B80F07529}.Release|x86.Build.0 = Release|Win32
		{D207FC9E-15E6-448E-A61C-E50A01C9BABA}.Debug|x64.ActiveCfg = Debug|x64
		{D207FC9E-15E6-448E-A61C-E50A01C9BABA}.Debug|x64.Build.0 = Debug|x64
		{D207FC9E-15E6-448E-A61C-E50A01C9BABA}.Debug|x86.ActiveCfg = Debug|Win32
		{D207FC9E-15E6-448E-A61C-E50A01C9BABA}.Debug|x86.Build.0 = Debug|Win32
		{D207FC9E-15E6-448E-A61C-E50A01C9BABA}.Release|x64.ActiveCfg = Release|x64
		{D207FC9E-15E6-448E-A61C-E50A01C9BABA}.Release|x64.Build.0 = Release|x64
		{D207FC9E-15E6-448E-A61C-E50A01C9BABA}.Release|x86.ActiveCfg = Release|Win32
		{D207FC9E-15E6-448E-A61C-E50A01C9BABA}.Release|x86.Build.0 = Release|Win32
	EndGlobalSection
	GlobalSection(SolutionProperties) = preSolution
		HideSolutionNode = FALSE
	EndGlobalSection
	GlobalSection(ExtensibilityGlobals) = postSolution
		SolutionGuid = {F644263A-1D28-4B8C-BC71-B4931C37EF49}
	EndGlobalSection
EndGlobal
