
Microsoft Visual Studio Solution File, Format Version 12.00
# Visual Studio 15
VisualStudioVersion = 15.0.28307.757
MinimumVisualStudioVersion = 10.0.40219.1
Project("{8BC9CEB8-8B4A-11D0-8D11-00A0C91BC942}") = "uart_win", "uart_win\uart_win.vcxproj", "{0FF9B539-021E-4377-A793-8C2DC5D109DD}"
EndProject
Global
	GlobalSection(SolutionConfigurationPlatforms) = preSolution
		Debug|x64 = Debug|x64
		Debug|x86 = Debug|x86
		Release|x64 = Release|x64
		Release|x86 = Release|x86
	EndGlobalSection
	GlobalSection(ProjectConfigurationPlatforms) = postSolution
		{0FF9B539-021E-4377-A793-8C2DC5D109DD}.Debug|x64.ActiveCfg = Debug|x64
		{0FF9B539-021E-4377-A793-8C2DC5D109DD}.Debug|x64.Build.0 = Debug|x64
		{0FF9B539-021E-4377-A793-8C2DC5D109DD}.Debug|x86.ActiveCfg = Debug|Win32
		{0FF9B539-021E-4377-A793-8C2DC5D109DD}.Debug|x86.Build.0 = Debug|Win32
		{0FF9B539-021E-4377-A793-8C2DC5D109DD}.Release|x64.ActiveCfg = Release|x64
		{0FF9B539-021E-4377-A793-8C2DC5D109DD}.Release|x64.Build.0 = Release|x64
		{0FF9B539-021E-4377-A793-8C2DC5D109DD}.Release|x86.ActiveCfg = Release|Win32
		{0FF9B539-021E-4377-A793-8C2DC5D109DD}.Release|x86.Build.0 = Release|Win32
	EndGlobalSection
	GlobalSection(SolutionProperties) = preSolution
		HideSolutionNode = FALSE
	EndGlobalSection
	GlobalSection(ExtensibilityGlobals) = postSolution
		SolutionGuid = {CFA36936-1563-4BEF-A4E1-E42F4604A083}
	EndGlobalSection
EndGlobal
