
Microsoft Visual Studio Solution File, Format Version 12.00
# Visual Studio 15
VisualStudioVersion = 15.0.27703.2042
MinimumVisualStudioVersion = 10.0.40219.1
Project("{8BC9CEB8-8B4A-11D0-8D11-00A0C91BC942}") = "usbdisk", "usbdisk\usbdisk.vcxproj", "{46333225-9B53-4C6F-B8E2-540FCBBB8195}"
EndProject
Project("{8BC9CEB8-8B4A-11D0-8D11-00A0C91BC942}") = "usbdisk_demo", "usbdisk_demo\usbdisk_demo.vcxproj", "{C60A9DA2-CEC4-4C01-9E4D-4F8786513FBF}"
EndProject
Global
	GlobalSection(SolutionConfigurationPlatforms) = preSolution
		Debug|x64 = Debug|x64
		Debug|x86 = Debug|x86
		Release|x64 = Release|x64
		Release|x86 = Release|x86
	EndGlobalSection
	GlobalSection(ProjectConfigurationPlatforms) = postSolution
		{46333225-9B53-4C6F-B8E2-540FCBBB8195}.Debug|x64.ActiveCfg = Debug|x64
		{46333225-9B53-4C6F-B8E2-540FCBBB8195}.Debug|x64.Build.0 = Debug|x64
		{46333225-9B53-4C6F-B8E2-540FCBBB8195}.Debug|x86.ActiveCfg = Debug|Win32
		{46333225-9B53-4C6F-B8E2-540FCBBB8195}.Debug|x86.Build.0 = Debug|Win32
		{46333225-9B53-4C6F-B8E2-540FCBBB8195}.Release|x64.ActiveCfg = Release|x64
		{46333225-9B53-4C6F-B8E2-540FCBBB8195}.Release|x64.Build.0 = Release|x64
		{46333225-9B53-4C6F-B8E2-540FCBBB8195}.Release|x86.ActiveCfg = Release|Win32
		{46333225-9B53-4C6F-B8E2-540FCBBB8195}.Release|x86.Build.0 = Release|Win32
		{C60A9DA2-CEC4-4C01-9E4D-4F8786513FBF}.Debug|x64.ActiveCfg = Debug|x64
		{C60A9DA2-CEC4-4C01-9E4D-4F8786513FBF}.Debug|x64.Build.0 = Debug|x64
		{C60A9DA2-CEC4-4C01-9E4D-4F8786513FBF}.Debug|x86.ActiveCfg = Debug|Win32
		{C60A9DA2-CEC4-4C01-9E4D-4F8786513FBF}.Debug|x86.Build.0 = Debug|Win32
		{C60A9DA2-CEC4-4C01-9E4D-4F8786513FBF}.Release|x64.ActiveCfg = Release|x64
		{C60A9DA2-CEC4-4C01-9E4D-4F8786513FBF}.Release|x64.Build.0 = Release|x64
		{C60A9DA2-CEC4-4C01-9E4D-4F8786513FBF}.Release|x86.ActiveCfg = Release|Win32
		{C60A9DA2-CEC4-4C01-9E4D-4F8786513FBF}.Release|x86.Build.0 = Release|Win32
	EndGlobalSection
	GlobalSection(SolutionProperties) = preSolution
		HideSolutionNode = FALSE
	EndGlobalSection
	GlobalSection(ExtensibilityGlobals) = postSolution
		SolutionGuid = {7103B293-F31C-4ADF-83FE-39A9B4FED087}
	EndGlobalSection
EndGlobal
