
Microsoft Visual Studio Solution File, Format Version 12.00
# Visual Studio 15
VisualStudioVersion = 15.0.28307.539
MinimumVisualStudioVersion = 10.0.40219.1
Project("{8BC9CEB8-8B4A-11D0-8D11-00A0C91BC942}") = "math_t", "math_t\math_t.vcxproj", "{BC4630A1-1DD1-4C98-AE58-9B0FD90EEC90}"
EndProject
Global
	GlobalSection(SolutionConfigurationPlatforms) = preSolution
		Debug|x64 = Debug|x64
		Debug|x86 = Debug|x86
		Release|x64 = Release|x64
		Release|x86 = Release|x86
	EndGlobalSection
	GlobalSection(ProjectConfigurationPlatforms) = postSolution
		{BC4630A1-1DD1-4C98-AE58-9B0FD90EEC90}.Debug|x64.ActiveCfg = Debug|x64
		{BC4630A1-1DD1-4C98-AE58-9B0FD90EEC90}.Debug|x64.Build.0 = Debug|x64
		{BC4630A1-1DD1-4C98-AE58-9B0FD90EEC90}.Debug|x86.ActiveCfg = Debug|Win32
		{BC4630A1-1DD1-4C98-AE58-9B0FD90EEC90}.Debug|x86.Build.0 = Debug|Win32
		{BC4630A1-1DD1-4C98-AE58-9B0FD90EEC90}.Release|x64.ActiveCfg = Release|x64
		{BC4630A1-1DD1-4C98-AE58-9B0FD90EEC90}.Release|x64.Build.0 = Release|x64
		{BC4630A1-1DD1-4C98-AE58-9B0FD90EEC90}.Release|x86.ActiveCfg = Release|Win32
		{BC4630A1-1DD1-4C98-AE58-9B0FD90EEC90}.Release|x86.Build.0 = Release|Win32
	EndGlobalSection
	GlobalSection(SolutionProperties) = preSolution
		HideSolutionNode = FALSE
	EndGlobalSection
	GlobalSection(ExtensibilityGlobals) = postSolution
		SolutionGuid = {2905A504-47BD-449F-9C3B-9ABFCD1B378D}
	EndGlobalSection
EndGlobal
